
Microsoft Visual Studio Solution File, Format Version 12.00
# Visual Studio Version 17
VisualStudioVersion = 17.14.37614.0 d17.14
MinimumVisualStudioVersion = 10.0.40219.1
Project("{FAE04EC0-301F-11D3-BF4B-00C04F79EFBC}") = "ESMC.ELM.Domain", "ESMC.ELM.Domain\ESMC.ELM.Domain.csproj", "{88F27E33-0819-4741-AA45-7637B872E9A5}"
EndProject
Project("{FAE04EC0-301F-11D3-BF4B-00C04F79EFBC}") = "ESMC.ELM.Application", "ESMC.ELM.Application\ESMC.ELM.Application.csproj", "{0B482F0A-AD99-49C1-B91D-316439195432}"
EndProject
Project("{FAE04EC0-301F-11D3-BF4B-00C04F79EFBC}") = "ESMC.ELM.Infrastructure", "ESMC.ELM.Infrastructure\ESMC.ELM.Infrastructure.csproj", "{13D6CA13-187F-4240-A4EE-606A0D055E58}"
EndProject
Project("{FAE04EC0-301F-11D3-BF4B-00C04F79EFBC}") = "ESMC.ELM.Web", "ESMC.ELM.Web\ESMC.ELM.Web.csproj", "{EB9CA81F-A30C-47C8-AC9A-C97ED60283FF}"
EndProject
Global
	GlobalSection(SolutionConfigurationPlatforms) = preSolution
		Debug|Any CPU = Debug|Any CPU
		Release|Any CPU = Release|Any CPU
	EndGlobalSection
	GlobalSection(ProjectConfigurationPlatforms) = postSolution
		{88F27E33-0819-4741-AA45-7637B872E9A5}.Debug|Any CPU.ActiveCfg = Debug|Any CPU
		{88F27E33-0819-4741-AA45-7637B872E9A5}.Debug|Any CPU.Build.0 = Debug|Any CPU
		{88F27E33-0819-4741-AA45-7637B872E9A5}.Release|Any CPU.ActiveCfg = Release|Any CPU
		{88F27E33-0819-4741-AA45-7637B872E9A5}.Release|Any CPU.Build.0 = Release|Any CPU
		{0B482F0A-AD99-49C1-B91D-316439195432}.Debug|Any CPU.ActiveCfg = Debug|Any CPU
		{0B482F0A-AD99-49C1-B91D-316439195432}.Debug|Any CPU.Build.0 = Debug|Any CPU
		{0B482F0A-AD99-49C1-B91D-316439195432}.Release|Any CPU.ActiveCfg = Release|Any CPU
		{0B482F0A-AD99-49C1-B91D-316439195432}.Release|Any CPU.Build.0 = Release|Any CPU
		{13D6CA13-187F-4240-A4EE-606A0D055E58}.Debug|Any CPU.ActiveCfg = Debug|Any CPU
		{13D6CA13-187F-4240-A4EE-606A0D055E58}.Debug|Any CPU.Build.0 = Debug|Any CPU
		{13D6CA13-187F-4240-A4EE-606A0D055E58}.Release|Any CPU.ActiveCfg = Release|Any CPU
		{13D6CA13-187F-4240-A4EE-606A0D055E58}.Release|Any CPU.Build.0 = Release|Any CPU
		{EB9CA81F-A30C-47C8-AC9A-C97ED60283FF}.Debug|Any CPU.ActiveCfg = Debug|Any CPU
		{EB9CA81F-A30C-47C8-AC9A-C97ED60283FF}.Debug|Any CPU.Build.0 = Debug|Any CPU
		{EB9CA81F-A30C-47C8-AC9A-C97ED60283FF}.Release|Any CPU.ActiveCfg = Release|Any CPU
		{EB9CA81F-A30C-47C8-AC9A-C97ED60283FF}.Release|Any CPU.Build.0 = Release|Any CPU
	EndGlobalSection
	GlobalSection(SolutionProperties) = preSolution
		HideSolutionNode = FALSE
	EndGlobalSection
	GlobalSection(ExtensibilityGlobals) = postSolution
		SolutionGuid = {9F86C6EA-7D62-4218-9F71-CE1919B2DDD8}
	EndGlobalSection
EndGlobal
